// !$*UTF8*$!
{
	archiveVersion = 1;
	classes = {
	};
	objectVersion = 56;
	objects = {

/* Begin PBXBuildFile section */
		B34835F529913B0A001E9B4C /* ChatView.swift in Sources */ = {isa = PBXBuildFile; fileRef = B34835F429913B0A001E9B4C /* ChatView.swift */; };
		B34835F729913D4B001E9B4C /* ChatCell.swift in Sources */ = {isa = PBXBuildFile; fileRef = B34835F629913D4B001E9B4C /* ChatCell.swift */; };
		B34835F929913E25001E9B4C /* Chat.swift in Sources */ = {isa = PBXBuildFile; fileRef = B34835F829913E25001E9B4C /* Chat.swift */; };
		B34835FC29915B4A001E9B4C /* ChatViewModel.swift in Sources */ = {isa = PBXBuildFile; fileRef = B34835FB29915B4A001E9B4C /* ChatViewModel.swift */; };
		B34835FF29916792001E9B4C /* SendMessageView.swift in Sources */ = {isa = PBXBuildFile; fileRef = B34835FE29916792001E9B4C /* SendMessageView.swift */; };
		B348360229916A1C001E9B4C /* SendMessageViewModel.swift in Sources */ = {isa = PBXBuildFile; fileRef = B348360129916A1C001E9B4C /* SendMessageViewModel.swift */; };
		B348360629917BB8001E9B4C /* Message.swift in Sources */ = {isa = PBXBuildFile; fileRef = B348360529917BB8001E9B4C /* Message.swift */; };
		B35001AA2977529000B691D7 /* CloudTalkApp.swift in Sources */ = {isa = PBXBuildFile; fileRef = B35001A92977529000B691D7 /* CloudTalkApp.swift */; };
		B35001AC2977529000B691D7 /* ContentView.swift in Sources */ = {isa = PBXBuildFile; fileRef = B35001AB2977529000B691D7 /* ContentView.swift */; };
		B35001AE2977529100B691D7 /* Assets.xcassets in Resources */ = {isa = PBXBuildFile; fileRef = B35001AD2977529100B691D7 /* Assets.xcassets */; };
		B35001B12977529100B691D7 /* Preview Assets.xcassets in Resources */ = {isa = PBXBuildFile; fileRef = B35001B02977529100B691D7 /* Preview Assets.xcassets */; };
		B35001B8297755BE00B691D7 /* GoogleService-Info.plist in Resources */ = {isa = PBXBuildFile; fileRef = B35001B7297755BE00B691D7 /* GoogleService-Info.plist */; };
		B35001C32977577E00B691D7 /* SplashView.swift in Sources */ = {isa = PBXBuildFile; fileRef = B35001C22977577E00B691D7 /* SplashView.swift */; };
		B35001C5297759F200B691D7 /* MainTabView.swift in Sources */ = {isa = PBXBuildFile; fileRef = B35001C4297759F200B691D7 /* MainTabView.swift */; };
		B35001D1297769F700B691D7 /* Font+.swift in Sources */ = {isa = PBXBuildFile; fileRef = B35001D0297769F700B691D7 /* Font+.swift */; };
		B35001D82977712A00B691D7 /* CookieRun Regular.otf in Resources */ = {isa = PBXBuildFile; fileRef = B35001D52977712900B691D7 /* CookieRun Regular.otf */; };
		B35001D92977712A00B691D7 /* CookieRun Bold.otf in Resources */ = {isa = PBXBuildFile; fileRef = B35001D62977712900B691D7 /* CookieRun Bold.otf */; };
		B35001DA2977712A00B691D7 /* CookieRun Black.otf in Resources */ = {isa = PBXBuildFile; fileRef = B35001D72977712A00B691D7 /* CookieRun Black.otf */; };
		B35001DE29777EFC00B691D7 /* LoginView.swift in Sources */ = {isa = PBXBuildFile; fileRef = B35001DD29777EFB00B691D7 /* LoginView.swift */; };
		B35001E5297783B100B691D7 /* AuthViewModel.swift in Sources */ = {isa = PBXBuildFile; fileRef = B35001E4297783B100B691D7 /* AuthViewModel.swift */; };
		B35001E92977B2A100B691D7 /* ColorManager.swift in Sources */ = {isa = PBXBuildFile; fileRef = B35001E82977B2A100B691D7 /* ColorManager.swift */; };
		B35002212978C21500B691D7 /* PhoneAuthView.swift in Sources */ = {isa = PBXBuildFile; fileRef = B35002202978C21500B691D7 /* PhoneAuthView.swift */; };
		B35002232978C3A800B691D7 /* Constants.swift in Sources */ = {isa = PBXBuildFile; fileRef = B35002222978C3A800B691D7 /* Constants.swift */; };
		B35002262978C53200B691D7 /* User.swift in Sources */ = {isa = PBXBuildFile; fileRef = B35002252978C53200B691D7 /* User.swift */; };
		B350022B2978D1D100B691D7 /* MainButtonStyle.swift in Sources */ = {isa = PBXBuildFile; fileRef = B350022A2978D1D100B691D7 /* MainButtonStyle.swift */; };
		B363AA032978EF6E00614337 /* VerificationView.swift in Sources */ = {isa = PBXBuildFile; fileRef = B363AA022978EF6E00614337 /* VerificationView.swift */; };
		B363AA052979120F00614337 /* RegistrationView.swift in Sources */ = {isa = PBXBuildFile; fileRef = B363AA042979120F00614337 /* RegistrationView.swift */; };
		B363AA07297913C200614337 /* ImagePicker.swift in Sources */ = {isa = PBXBuildFile; fileRef = B363AA06297913C200614337 /* ImagePicker.swift */; };
		B363AA532979F9AE00614337 /* BottomSheet in Frameworks */ = {isa = PBXBuildFile; productRef = B363AA522979F9AE00614337 /* BottomSheet */; };
		B363AA55297A021C00614337 /* View+.swift in Sources */ = {isa = PBXBuildFile; fileRef = B363AA54297A021C00614337 /* View+.swift */; };
		B363AA57297A02F100614337 /* HalfSheetHelper.swift in Sources */ = {isa = PBXBuildFile; fileRef = B363AA56297A02F100614337 /* HalfSheetHelper.swift */; };
		B363AA59297A1DEF00614337 /* RegistrationViewModel.swift in Sources */ = {isa = PBXBuildFile; fileRef = B363AA58297A1DEF00614337 /* RegistrationViewModel.swift */; };
		B363AA6C297E4ECE00614337 /* ProfileInfoView.swift in Sources */ = {isa = PBXBuildFile; fileRef = B363AA6B297E4ECE00614337 /* ProfileInfoView.swift */; };
		B363AA6F297E52F500614337 /* NicknameSheetView.swift in Sources */ = {isa = PBXBuildFile; fileRef = B363AA6E297E52F500614337 /* NicknameSheetView.swift */; };
		B363AA71297E8F7B00614337 /* GenderSheetView.swift in Sources */ = {isa = PBXBuildFile; fileRef = B363AA70297E8F7B00614337 /* GenderSheetView.swift */; };
		B363AA73297E924700614337 /* AgeSheetView.swift in Sources */ = {isa = PBXBuildFile; fileRef = B363AA72297E924700614337 /* AgeSheetView.swift */; };
		B363AA75297E97E500614337 /* RegionSheetView.swift in Sources */ = {isa = PBXBuildFile; fileRef = B363AA74297E97E500614337 /* RegionSheetView.swift */; };
		B363AA77297E9AC400614337 /* IntroductionSheetView.swift in Sources */ = {isa = PBXBuildFile; fileRef = B363AA76297E9AC400614337 /* IntroductionSheetView.swift */; };
		B363AA79297EC1B400614337 /* ImageUploader.swift in Sources */ = {isa = PBXBuildFile; fileRef = B363AA78297EC1B300614337 /* ImageUploader.swift */; };
		B39922D2299B7B8000202BC0 /* CommentViewModel.swift in Sources */ = {isa = PBXBuildFile; fileRef = B39922D1299B7B8000202BC0 /* CommentViewModel.swift */; };
		B39922D5299B81BD00202BC0 /* LikeView.swift in Sources */ = {isa = PBXBuildFile; fileRef = B39922D4299B81BD00202BC0 /* LikeView.swift */; };
		B39922D7299C61A900202BC0 /* LikeCard.swift in Sources */ = {isa = PBXBuildFile; fileRef = B39922D6299C61A900202BC0 /* LikeCard.swift */; };
		B39922DB299C6EA500202BC0 /* LikeCardView.swift in Sources */ = {isa = PBXBuildFile; fileRef = B39922DA299C6EA500202BC0 /* LikeCardView.swift */; };
		B39922DE299C7F7400202BC0 /* LikeViewModel.swift in Sources */ = {isa = PBXBuildFile; fileRef = B39922DD299C7F7400202BC0 /* LikeViewModel.swift */; };
		B39922E0299DA37300202BC0 /* SelectableModal.swift in Sources */ = {isa = PBXBuildFile; fileRef = B39922DF299DA37300202BC0 /* SelectableModal.swift */; };
		B39922E2299DB57B00202BC0 /* ReportView.swift in Sources */ = {isa = PBXBuildFile; fileRef = B39922E1299DB57B00202BC0 /* ReportView.swift */; };
		B39922E5299DB78400202BC0 /* ReportViewModel.swift in Sources */ = {isa = PBXBuildFile; fileRef = B39922E4299DB78400202BC0 /* ReportViewModel.swift */; };
		B39922E7299DB7E600202BC0 /* Report.swift in Sources */ = {isa = PBXBuildFile; fileRef = B39922E6299DB7E600202BC0 /* Report.swift */; };
		B39922EA299DCDEB00202BC0 /* ConfirmationModal.swift in Sources */ = {isa = PBXBuildFile; fileRef = B39922E9299DCDEB00202BC0 /* ConfirmationModal.swift */; };
		B39922EC299DE77700202BC0 /* BlackView.swift in Sources */ = {isa = PBXBuildFile; fileRef = B39922EB299DE77700202BC0 /* BlackView.swift */; };
		B39922EE29A35E8500202BC0 /* ProfileEditView.swift in Sources */ = {isa = PBXBuildFile; fileRef = B39922ED29A35E8400202BC0 /* ProfileEditView.swift */; };
		B39922F129A3760F00202BC0 /* NicknameInputModal.swift in Sources */ = {isa = PBXBuildFile; fileRef = B39922F029A3760F00202BC0 /* NicknameInputModal.swift */; };
		B39922F629A3A30D00202BC0 /* Introspect in Frameworks */ = {isa = PBXBuildFile; productRef = B39922F529A3A30D00202BC0 /* Introspect */; };
		B39922F829A47A2300202BC0 /* WheelPickerModal.swift in Sources */ = {isa = PBXBuildFile; fileRef = B39922F729A47A2300202BC0 /* WheelPickerModal.swift */; };
		B39B2D6F298D06BF0069DA2E /* CommentView.swift in Sources */ = {isa = PBXBuildFile; fileRef = B39B2D6E298D06BF0069DA2E /* CommentView.swift */; };
		B39B2D71298D06D70069DA2E /* Comment.swift in Sources */ = {isa = PBXBuildFile; fileRef = B39B2D70298D06D70069DA2E /* Comment.swift */; };
		B3A33C492991C1FD002EF5A9 /* DetailViewModel.swift in Sources */ = {isa = PBXBuildFile; fileRef = B3A33C482991C1FD002EF5A9 /* DetailViewModel.swift */; };
		B3A33C4B2991CB8D002EF5A9 /* RootPresentationMode+.swift in Sources */ = {isa = PBXBuildFile; fileRef = B3A33C4A2991CB8D002EF5A9 /* RootPresentationMode+.swift */; };
		B3A33C4D2991DBEA002EF5A9 /* NavigationUtil.swift in Sources */ = {isa = PBXBuildFile; fileRef = B3A33C4C2991DBEA002EF5A9 /* NavigationUtil.swift */; };
		B3A33C4F2991EF7E002EF5A9 /* ConversationView.swift in Sources */ = {isa = PBXBuildFile; fileRef = B3A33C4E2991EF7E002EF5A9 /* ConversationView.swift */; };
		B3A33C512992AD93002EF5A9 /* ConversationViewModel.swift in Sources */ = {isa = PBXBuildFile; fileRef = B3A33C502992AD93002EF5A9 /* ConversationViewModel.swift */; };
		B3A33C532992BD51002EF5A9 /* ProfileImageView.swift in Sources */ = {isa = PBXBuildFile; fileRef = B3A33C522992BD51002EF5A9 /* ProfileImageView.swift */; };
		B3A33C552992E25F002EF5A9 /* MessageView.swift in Sources */ = {isa = PBXBuildFile; fileRef = B3A33C542992E25F002EF5A9 /* MessageView.swift */; };
		B3A33C572992E34E002EF5A9 /* MessageViewModel.swift in Sources */ = {isa = PBXBuildFile; fileRef = B3A33C562992E34E002EF5A9 /* MessageViewModel.swift */; };
		B3A33C5B2993F94C002EF5A9 /* MultilineTextField.swift in Sources */ = {isa = PBXBuildFile; fileRef = B3A33C5A2993F94C002EF5A9 /* MultilineTextField.swift */; };
		B3A33C5F299412A0002EF5A9 /* ResignKeyboard.swift in Sources */ = {isa = PBXBuildFile; fileRef = B3A33C5E299412A0002EF5A9 /* ResignKeyboard.swift */; };
		B3D0A1402982B7DD0004FC97 /* FilterView.swift in Sources */ = {isa = PBXBuildFile; fileRef = B3D0A13F2982B7DD0004FC97 /* FilterView.swift */; };
		B3D0A145298375EF0004FC97 /* SettingsView.swift in Sources */ = {isa = PBXBuildFile; fileRef = B3D0A144298375EF0004FC97 /* SettingsView.swift */; };
		B3D0A14A29838D2E0004FC97 /* MainViewModel.swift in Sources */ = {isa = PBXBuildFile; fileRef = B3D0A14929838D2E0004FC97 /* MainViewModel.swift */; };
		B3D0A1562983AEE50004FC97 /* FirebaseAuth in Frameworks */ = {isa = PBXBuildFile; productRef = B3D0A1552983AEE50004FC97 /* FirebaseAuth */; };
		B3D0A1582983AEE50004FC97 /* FirebaseFirestore in Frameworks */ = {isa = PBXBuildFile; productRef = B3D0A1572983AEE50004FC97 /* FirebaseFirestore */; };
		B3D0A15C2983AEE50004FC97 /* FirebaseStorage in Frameworks */ = {isa = PBXBuildFile; productRef = B3D0A15B2983AEE50004FC97 /* FirebaseStorage */; };
		B3D0A15E2983C0360004FC97 /* FirebaseFirestoreSwift in Frameworks */ = {isa = PBXBuildFile; productRef = B3D0A15D2983C0360004FC97 /* FirebaseFirestoreSwift */; };
		B3D0A16429879BA60004FC97 /* RangedSliderView.swift in Sources */ = {isa = PBXBuildFile; fileRef = B3D0A16329879BA60004FC97 /* RangedSliderView.swift */; };
		B3D0A16629881BFF0004FC97 /* WillDisappearHandler.swift in Sources */ = {isa = PBXBuildFile; fileRef = B3D0A16529881BFF0004FC97 /* WillDisappearHandler.swift */; };
		B3D0A168298821520004FC97 /* WillAppearHandler.swift in Sources */ = {isa = PBXBuildFile; fileRef = B3D0A167298821520004FC97 /* WillAppearHandler.swift */; };
		B3D0A184298829A40004FC97 /* DetailView.swift in Sources */ = {isa = PBXBuildFile; fileRef = B3D0A183298829A40004FC97 /* DetailView.swift */; };
		B3D0A1AF298964950004FC97 /* CustomNavBarView.swift in Sources */ = {isa = PBXBuildFile; fileRef = B3D0A1AE298964950004FC97 /* CustomNavBarView.swift */; };
		B3D0A1B1298964C50004FC97 /* CustomNavItems.swift in Sources */ = {isa = PBXBuildFile; fileRef = B3D0A1B0298964C50004FC97 /* CustomNavItems.swift */; };
		B3D0A1B3298964E80004FC97 /* CustomNavBarPreferenceKeys.swift in Sources */ = {isa = PBXBuildFile; fileRef = B3D0A1B2298964E80004FC97 /* CustomNavBarPreferenceKeys.swift */; };
		B3D0A1B6298A786F0004FC97 /* PostView.swift in Sources */ = {isa = PBXBuildFile; fileRef = B3D0A1B5298A786F0004FC97 /* PostView.swift */; };
		B3D0A1BB298A83A80004FC97 /* Post.swift in Sources */ = {isa = PBXBuildFile; fileRef = B3D0A1BA298A83A80004FC97 /* Post.swift */; };
		B3D0A1BD298A85890004FC97 /* WriteView.swift in Sources */ = {isa = PBXBuildFile; fileRef = B3D0A1BC298A85890004FC97 /* WriteView.swift */; };
		B3D0A1BF298AD6EF0004FC97 /* WriteViewModel.swift in Sources */ = {isa = PBXBuildFile; fileRef = B3D0A1BE298AD6EF0004FC97 /* WriteViewModel.swift */; };
		B3D0A1C1298B07020004FC97 /* PostCell.swift in Sources */ = {isa = PBXBuildFile; fileRef = B3D0A1C0298B07020004FC97 /* PostCell.swift */; };
		B3D0A1C5298C0AA40004FC97 /* PostViewModel.swift in Sources */ = {isa = PBXBuildFile; fileRef = B3D0A1C4298C0AA40004FC97 /* PostViewModel.swift */; };
		B3D0A1C7298C0B120004FC97 /* PostCellViewModel.swift in Sources */ = {isa = PBXBuildFile; fileRef = B3D0A1C6298C0B120004FC97 /* PostCellViewModel.swift */; };
		B3D0A1C9298CF8710004FC97 /* PostDetailView.swift in Sources */ = {isa = PBXBuildFile; fileRef = B3D0A1C8298CF8710004FC97 /* PostDetailView.swift */; };
		B3EEEB3E29A4CA380065AA39 /* IntroductionModal.swift in Sources */ = {isa = PBXBuildFile; fileRef = B3EEEB3D29A4CA380065AA39 /* IntroductionModal.swift */; };
		B3EEEB4029A4E1F40065AA39 /* BlackListView.swift in Sources */ = {isa = PBXBuildFile; fileRef = B3EEEB3F29A4E1F40065AA39 /* BlackListView.swift */; };
		B3EEEB4329A4EA080065AA39 /* BlackListViewModel.swift in Sources */ = {isa = PBXBuildFile; fileRef = B3EEEB4229A4EA080065AA39 /* BlackListViewModel.swift */; };
		B3EEEB4529A4F9FB0065AA39 /* BlackCell.swift in Sources */ = {isa = PBXBuildFile; fileRef = B3EEEB4429A4F9FB0065AA39 /* BlackCell.swift */; };
		B3EEEB4929A5E5EB0065AA39 /* StoreView.swift in Sources */ = {isa = PBXBuildFile; fileRef = B3EEEB4829A5E5EB0065AA39 /* StoreView.swift */; };
		B3EEEB4B29A5EA660065AA39 /* StoreCell.swift in Sources */ = {isa = PBXBuildFile; fileRef = B3EEEB4A29A5EA660065AA39 /* StoreCell.swift */; };
		B3F0496029946034009141DD /* ChatList.swift in Sources */ = {isa = PBXBuildFile; fileRef = B3F0495F29946034009141DD /* ChatList.swift */; };
		B3F04962299569FA009141DD /* Array+.swift in Sources */ = {isa = PBXBuildFile; fileRef = B3F04961299569FA009141DD /* Array+.swift */; };
		B3F049642999C217009141DD /* ChatCellViewModel.swift in Sources */ = {isa = PBXBuildFile; fileRef = B3F049632999C217009141DD /* ChatCellViewModel.swift */; };
		B3FD0D16297F676900529732 /* LoadingView.swift in Sources */ = {isa = PBXBuildFile; fileRef = B3FD0D15297F676900529732 /* LoadingView.swift */; };
		B3FD0D382980C94100529732 /* MainView.swift in Sources */ = {isa = PBXBuildFile; fileRef = B3FD0D372980C94100529732 /* MainView.swift */; };
		B3FD0D422980CBFD00529732 /* GmarketSansMedium.otf in Resources */ = {isa = PBXBuildFile; fileRef = B3FD0D3F2980CBFD00529732 /* GmarketSansMedium.otf */; };
		B3FD0D432980CBFD00529732 /* GmarketSansBold.otf in Resources */ = {isa = PBXBuildFile; fileRef = B3FD0D402980CBFD00529732 /* GmarketSansBold.otf */; };
		B3FD0D442980CBFD00529732 /* GmarketSansLight.otf in Resources */ = {isa = PBXBuildFile; fileRef = B3FD0D412980CBFD00529732 /* GmarketSansLight.otf */; };
		B3FD0D4B29812B6600529732 /* UserCell.swift in Sources */ = {isa = PBXBuildFile; fileRef = B3FD0D4A29812B6600529732 /* UserCell.swift */; };
		B3FD0D502981403900529732 /* Kingfisher in Frameworks */ = {isa = PBXBuildFile; productRef = B3FD0D4F2981403900529732 /* Kingfisher */; };
		B3FD0D522981742100529732 /* Date+.swift in Sources */ = {isa = PBXBuildFile; fileRef = B3FD0D512981742100529732 /* Date+.swift */; };
/* End PBXBuildFile section */

/* Begin PBXFileReference section */
		B34835F429913B0A001E9B4C /* ChatView.swift */ = {isa = PBXFileReference; lastKnownFileType = sourcecode.swift; path = ChatView.swift; sourceTree = "<group>"; };
		B34835F629913D4B001E9B4C /* ChatCell.swift */ = {isa = PBXFileReference; lastKnownFileType = sourcecode.swift; path = ChatCell.swift; sourceTree = "<group>"; };
		B34835F829913E25001E9B4C /* Chat.swift */ = {isa = PBXFileReference; lastKnownFileType = sourcecode.swift; path = Chat.swift; sourceTree = "<group>"; };
		B34835FB29915B4A001E9B4C /* ChatViewModel.swift */ = {isa = PBXFileReference; lastKnownFileType = sourcecode.swift; path = ChatViewModel.swift; sourceTree = "<group>"; };
		B34835FE29916792001E9B4C /* SendMessageView.swift */ = {isa = PBXFileReference; lastKnownFileType = sourcecode.swift; path = SendMessageView.swift; sourceTree = "<group>"; };
		B348360129916A1C001E9B4C /* SendMessageViewModel.swift */ = {isa = PBXFileReference; lastKnownFileType = sourcecode.swift; path = SendMessageViewModel.swift; sourceTree = "<group>"; };
		B348360529917BB8001E9B4C /* Message.swift */ = {isa = PBXFileReference; lastKnownFileType = sourcecode.swift; path = Message.swift; sourceTree = "<group>"; };
		B35001A62977529000B691D7 /* CloudTalk.app */ = {isa = PBXFileReference; explicitFileType = wrapper.application; includeInIndex = 0; path = CloudTalk.app; sourceTree = BUILT_PRODUCTS_DIR; };
		B35001A92977529000B691D7 /* CloudTalkApp.swift */ = {isa = PBXFileReference; lastKnownFileType = sourcecode.swift; path = CloudTalkApp.swift; sourceTree = "<group>"; };
		B35001AB2977529000B691D7 /* ContentView.swift */ = {isa = PBXFileReference; lastKnownFileType = sourcecode.swift; path = ContentView.swift; sourceTree = "<group>"; };
		B35001AD2977529100B691D7 /* Assets.xcassets */ = {isa = PBXFileReference; lastKnownFileType = folder.assetcatalog; path = Assets.xcassets; sourceTree = "<group>"; };
		B35001B02977529100B691D7 /* Preview Assets.xcassets */ = {isa = PBXFileReference; lastKnownFileType = folder.assetcatalog; path = "Preview Assets.xcassets"; sourceTree = "<group>"; };
		B35001B7297755BE00B691D7 /* GoogleService-Info.plist */ = {isa = PBXFileReference; fileEncoding = 4; lastKnownFileType = text.plist.xml; path = "GoogleService-Info.plist"; sourceTree = "<group>"; };
		B35001C22977577E00B691D7 /* SplashView.swift */ = {isa = PBXFileReference; lastKnownFileType = sourcecode.swift; path = SplashView.swift; sourceTree = "<group>"; };
		B35001C4297759F200B691D7 /* MainTabView.swift */ = {isa = PBXFileReference; lastKnownFileType = sourcecode.swift; path = MainTabView.swift; sourceTree = "<group>"; };
		B35001D0297769F700B691D7 /* Font+.swift */ = {isa = PBXFileReference; lastKnownFileType = sourcecode.swift; path = "Font+.swift"; sourceTree = "<group>"; };
		B35001D229776E2B00B691D7 /* Info.plist */ = {isa = PBXFileReference; lastKnownFileType = text.plist.xml; path = Info.plist; sourceTree = "<group>"; };
		B35001D52977712900B691D7 /* CookieRun Regular.otf */ = {isa = PBXFileReference; lastKnownFileType = file; path = "CookieRun Regular.otf"; sourceTree = "<group>"; };
		B35001D62977712900B691D7 /* CookieRun Bold.otf */ = {isa = PBXFileReference; lastKnownFileType = file; path = "CookieRun Bold.otf"; sourceTree = "<group>"; };
		B35001D72977712A00B691D7 /* CookieRun Black.otf */ = {isa = PBXFileReference; lastKnownFileType = file; path = "CookieRun Black.otf"; sourceTree = "<group>"; };
		B35001DD29777EFB00B691D7 /* LoginView.swift */ = {isa = PBXFileReference; lastKnownFileType = sourcecode.swift; path = LoginView.swift; sourceTree = "<group>"; };
		B35001E4297783B100B691D7 /* AuthViewModel.swift */ = {isa = PBXFileReference; lastKnownFileType = sourcecode.swift; path = AuthViewModel.swift; sourceTree = "<group>"; };
		B35001E82977B2A100B691D7 /* ColorManager.swift */ = {isa = PBXFileReference; lastKnownFileType = sourcecode.swift; path = ColorManager.swift; sourceTree = "<group>"; };
		B35001EA2977B67F00B691D7 /* CloudTalk.entitlements */ = {isa = PBXFileReference; lastKnownFileType = text.plist.entitlements; path = CloudTalk.entitlements; sourceTree = "<group>"; };
		B35002202978C21500B691D7 /* PhoneAuthView.swift */ = {isa = PBXFileReference; lastKnownFileType = sourcecode.swift; path = PhoneAuthView.swift; sourceTree = "<group>"; };
		B35002222978C3A800B691D7 /* Constants.swift */ = {isa = PBXFileReference; lastKnownFileType = sourcecode.swift; path = Constants.swift; sourceTree = "<group>"; };
		B35002252978C53200B691D7 /* User.swift */ = {isa = PBXFileReference; lastKnownFileType = sourcecode.swift; path = User.swift; sourceTree = "<group>"; };
		B350022A2978D1D100B691D7 /* MainButtonStyle.swift */ = {isa = PBXFileReference; lastKnownFileType = sourcecode.swift; path = MainButtonStyle.swift; sourceTree = "<group>"; };
		B363AA022978EF6E00614337 /* VerificationView.swift */ = {isa = PBXFileReference; lastKnownFileType = sourcecode.swift; path = VerificationView.swift; sourceTree = "<group>"; };
		B363AA042979120F00614337 /* RegistrationView.swift */ = {isa = PBXFileReference; lastKnownFileType = sourcecode.swift; path = RegistrationView.swift; sourceTree = "<group>"; };
		B363AA06297913C200614337 /* ImagePicker.swift */ = {isa = PBXFileReference; lastKnownFileType = sourcecode.swift; path = ImagePicker.swift; sourceTree = "<group>"; };
		B363AA54297A021C00614337 /* View+.swift */ = {isa = PBXFileReference; lastKnownFileType = sourcecode.swift; path = "View+.swift"; sourceTree = "<group>"; };
		B363AA56297A02F100614337 /* HalfSheetHelper.swift */ = {isa = PBXFileReference; lastKnownFileType = sourcecode.swift; path = HalfSheetHelper.swift; sourceTree = "<group>"; };
		B363AA58297A1DEF00614337 /* RegistrationViewModel.swift */ = {isa = PBXFileReference; lastKnownFileType = sourcecode.swift; path = RegistrationViewModel.swift; sourceTree = "<group>"; };
		B363AA6B297E4ECE00614337 /* ProfileInfoView.swift */ = {isa = PBXFileReference; lastKnownFileType = sourcecode.swift; path = ProfileInfoView.swift; sourceTree = "<group>"; };
		B363AA6E297E52F500614337 /* NicknameSheetView.swift */ = {isa = PBXFileReference; lastKnownFileType = sourcecode.swift; path = NicknameSheetView.swift; sourceTree = "<group>"; };
		B363AA70297E8F7B00614337 /* GenderSheetView.swift */ = {isa = PBXFileReference; lastKnownFileType = sourcecode.swift; path = GenderSheetView.swift; sourceTree = "<group>"; };
		B363AA72297E924700614337 /* AgeSheetView.swift */ = {isa = PBXFileReference; lastKnownFileType = sourcecode.swift; path = AgeSheetView.swift; sourceTree = "<group>"; };
		B363AA74297E97E500614337 /* RegionSheetView.swift */ = {isa = PBXFileReference; lastKnownFileType = sourcecode.swift; path = RegionSheetView.swift; sourceTree = "<group>"; };
		B363AA76297E9AC400614337 /* IntroductionSheetView.swift */ = {isa = PBXFileReference; lastKnownFileType = sourcecode.swift; path = IntroductionSheetView.swift; sourceTree = "<group>"; };
		B363AA78297EC1B300614337 /* ImageUploader.swift */ = {isa = PBXFileReference; lastKnownFileType = sourcecode.swift; path = ImageUploader.swift; sourceTree = "<group>"; };
		B39922D1299B7B8000202BC0 /* CommentViewModel.swift */ = {isa = PBXFileReference; lastKnownFileType = sourcecode.swift; path = CommentViewModel.swift; sourceTree = "<group>"; };
		B39922D4299B81BD00202BC0 /* LikeView.swift */ = {isa = PBXFileReference; lastKnownFileType = sourcecode.swift; path = LikeView.swift; sourceTree = "<group>"; };
		B39922D6299C61A900202BC0 /* LikeCard.swift */ = {isa = PBXFileReference; lastKnownFileType = sourcecode.swift; path = LikeCard.swift; sourceTree = "<group>"; };
		B39922DA299C6EA500202BC0 /* LikeCardView.swift */ = {isa = PBXFileReference; lastKnownFileType = sourcecode.swift; path = LikeCardView.swift; sourceTree = "<group>"; };
		B39922DD299C7F7400202BC0 /* LikeViewModel.swift */ = {isa = PBXFileReference; lastKnownFileType = sourcecode.swift; path = LikeViewModel.swift; sourceTree = "<group>"; };
		B39922DF299DA37300202BC0 /* SelectableModal.swift */ = {isa = PBXFileReference; lastKnownFileType = sourcecode.swift; path = SelectableModal.swift; sourceTree = "<group>"; };
		B39922E1299DB57B00202BC0 /* ReportView.swift */ = {isa = PBXFileReference; lastKnownFileType = sourcecode.swift; path = ReportView.swift; sourceTree = "<group>"; };
		B39922E4299DB78400202BC0 /* ReportViewModel.swift */ = {isa = PBXFileReference; lastKnownFileType = sourcecode.swift; path = ReportViewModel.swift; sourceTree = "<group>"; };
		B39922E6299DB7E600202BC0 /* Report.swift */ = {isa = PBXFileReference; lastKnownFileType = sourcecode.swift; path = Report.swift; sourceTree = "<group>"; };
		B39922E9299DCDEB00202BC0 /* ConfirmationModal.swift */ = {isa = PBXFileReference; lastKnownFileType = sourcecode.swift; path = ConfirmationModal.swift; sourceTree = "<group>"; };
		B39922EB299DE77700202BC0 /* BlackView.swift */ = {isa = PBXFileReference; lastKnownFileType = sourcecode.swift; path = BlackView.swift; sourceTree = "<group>"; };
		B39922ED29A35E8400202BC0 /* ProfileEditView.swift */ = {isa = PBXFileReference; lastKnownFileType = sourcecode.swift; path = ProfileEditView.swift; sourceTree = "<group>"; };
		B39922F029A3760F00202BC0 /* NicknameInputModal.swift */ = {isa = PBXFileReference; lastKnownFileType = sourcecode.swift; path = NicknameInputModal.swift; sourceTree = "<group>"; };
		B39922F729A47A2300202BC0 /* WheelPickerModal.swift */ = {isa = PBXFileReference; lastKnownFileType = sourcecode.swift; path = WheelPickerModal.swift; sourceTree = "<group>"; };
		B39B2D6E298D06BF0069DA2E /* CommentView.swift */ = {isa = PBXFileReference; lastKnownFileType = sourcecode.swift; path = CommentView.swift; sourceTree = "<group>"; };
		B39B2D70298D06D70069DA2E /* Comment.swift */ = {isa = PBXFileReference; lastKnownFileType = sourcecode.swift; path = Comment.swift; sourceTree = "<group>"; };
		B3A33C482991C1FD002EF5A9 /* DetailViewModel.swift */ = {isa = PBXFileReference; lastKnownFileType = sourcecode.swift; path = DetailViewModel.swift; sourceTree = "<group>"; };
		B3A33C4A2991CB8D002EF5A9 /* RootPresentationMode+.swift */ = {isa = PBXFileReference; lastKnownFileType = sourcecode.swift; path = "RootPresentationMode+.swift"; sourceTree = "<group>"; };
		B3A33C4C2991DBEA002EF5A9 /* NavigationUtil.swift */ = {isa = PBXFileReference; lastKnownFileType = sourcecode.swift; path = NavigationUtil.swift; sourceTree = "<group>"; };
		B3A33C4E2991EF7E002EF5A9 /* ConversationView.swift */ = {isa = PBXFileReference; lastKnownFileType = sourcecode.swift; path = ConversationView.swift; sourceTree = "<group>"; };
		B3A33C502992AD93002EF5A9 /* ConversationViewModel.swift */ = {isa = PBXFileReference; lastKnownFileType = sourcecode.swift; path = ConversationViewModel.swift; sourceTree = "<group>"; };
		B3A33C522992BD51002EF5A9 /* ProfileImageView.swift */ = {isa = PBXFileReference; lastKnownFileType = sourcecode.swift; path = ProfileImageView.swift; sourceTree = "<group>"; };
		B3A33C542992E25F002EF5A9 /* MessageView.swift */ = {isa = PBXFileReference; lastKnownFileType = sourcecode.swift; path = MessageView.swift; sourceTree = "<group>"; };
		B3A33C562992E34E002EF5A9 /* MessageViewModel.swift */ = {isa = PBXFileReference; lastKnownFileType = sourcecode.swift; path = MessageViewModel.swift; sourceTree = "<group>"; };
		B3A33C5A2993F94C002EF5A9 /* MultilineTextField.swift */ = {isa = PBXFileReference; lastKnownFileType = sourcecode.swift; path = MultilineTextField.swift; sourceTree = "<group>"; };
		B3A33C5E299412A0002EF5A9 /* ResignKeyboard.swift */ = {isa = PBXFileReference; lastKnownFileType = sourcecode.swift; path = ResignKeyboard.swift; sourceTree = "<group>"; };
		B3D0A13F2982B7DD0004FC97 /* FilterView.swift */ = {isa = PBXFileReference; lastKnownFileType = sourcecode.swift; path = FilterView.swift; sourceTree = "<group>"; };
		B3D0A144298375EF0004FC97 /* SettingsView.swift */ = {isa = PBXFileReference; lastKnownFileType = sourcecode.swift; path = SettingsView.swift; sourceTree = "<group>"; };
		B3D0A14929838D2E0004FC97 /* MainViewModel.swift */ = {isa = PBXFileReference; lastKnownFileType = sourcecode.swift; path = MainViewModel.swift; sourceTree = "<group>"; };
		B3D0A16329879BA60004FC97 /* RangedSliderView.swift */ = {isa = PBXFileReference; lastKnownFileType = sourcecode.swift; path = RangedSliderView.swift; sourceTree = "<group>"; };
		B3D0A16529881BFF0004FC97 /* WillDisappearHandler.swift */ = {isa = PBXFileReference; lastKnownFileType = sourcecode.swift; path = WillDisappearHandler.swift; sourceTree = "<group>"; };
		B3D0A167298821520004FC97 /* WillAppearHandler.swift */ = {isa = PBXFileReference; lastKnownFileType = sourcecode.swift; path = WillAppearHandler.swift; sourceTree = "<group>"; };
		B3D0A183298829A40004FC97 /* DetailView.swift */ = {isa = PBXFileReference; lastKnownFileType = sourcecode.swift; path = DetailView.swift; sourceTree = "<group>"; };
		B3D0A1AE298964950004FC97 /* CustomNavBarView.swift */ = {isa = PBXFileReference; lastKnownFileType = sourcecode.swift; path = CustomNavBarView.swift; sourceTree = "<group>"; };
		B3D0A1B0298964C50004FC97 /* CustomNavItems.swift */ = {isa = PBXFileReference; lastKnownFileType = sourcecode.swift; path = CustomNavItems.swift; sourceTree = "<group>"; };
		B3D0A1B2298964E80004FC97 /* CustomNavBarPreferenceKeys.swift */ = {isa = PBXFileReference; lastKnownFileType = sourcecode.swift; path = CustomNavBarPreferenceKeys.swift; sourceTree = "<group>"; };
		B3D0A1B5298A786F0004FC97 /* PostView.swift */ = {isa = PBXFileReference; lastKnownFileType = sourcecode.swift; path = PostView.swift; sourceTree = "<group>"; };
		B3D0A1BA298A83A80004FC97 /* Post.swift */ = {isa = PBXFileReference; lastKnownFileType = sourcecode.swift; path = Post.swift; sourceTree = "<group>"; };
		B3D0A1BC298A85890004FC97 /* WriteView.swift */ = {isa = PBXFileReference; lastKnownFileType = sourcecode.swift; path = WriteView.swift; sourceTree = "<group>"; };
		B3D0A1BE298AD6EF0004FC97 /* WriteViewModel.swift */ = {isa = PBXFileReference; lastKnownFileType = sourcecode.swift; path = WriteViewModel.swift; sourceTree = "<group>"; };
		B3D0A1C0298B07020004FC97 /* PostCell.swift */ = {isa = PBXFileReference; lastKnownFileType = sourcecode.swift; path = PostCell.swift; sourceTree = "<group>"; };
		B3D0A1C4298C0AA40004FC97 /* PostViewModel.swift */ = {isa = PBXFileReference; lastKnownFileType = sourcecode.swift; path = PostViewModel.swift; sourceTree = "<group>"; };
		B3D0A1C6298C0B120004FC97 /* PostCellViewModel.swift */ = {isa = PBXFileReference; lastKnownFileType = sourcecode.swift; path = PostCellViewModel.swift; sourceTree = "<group>"; };
		B3D0A1C8298CF8710004FC97 /* PostDetailView.swift */ = {isa = PBXFileReference; lastKnownFileType = sourcecode.swift; path = PostDetailView.swift; sourceTree = "<group>"; };
		B3EEEB3D29A4CA380065AA39 /* IntroductionModal.swift */ = {isa = PBXFileReference; lastKnownFileType = sourcecode.swift; path = IntroductionModal.swift; sourceTree = "<group>"; };
		B3EEEB3F29A4E1F40065AA39 /* BlackListView.swift */ = {isa = PBXFileReference; lastKnownFileType = sourcecode.swift; path = BlackListView.swift; sourceTree = "<group>"; };
		B3EEEB4229A4EA080065AA39 /* BlackListViewModel.swift */ = {isa = PBXFileReference; lastKnownFileType = sourcecode.swift; path = BlackListViewModel.swift; sourceTree = "<group>"; };
		B3EEEB4429A4F9FB0065AA39 /* BlackCell.swift */ = {isa = PBXFileReference; lastKnownFileType = sourcecode.swift; path = BlackCell.swift; sourceTree = "<group>"; };
		B3EEEB4829A5E5EB0065AA39 /* StoreView.swift */ = {isa = PBXFileReference; lastKnownFileType = sourcecode.swift; path = StoreView.swift; sourceTree = "<group>"; };
		B3EEEB4A29A5EA660065AA39 /* StoreCell.swift */ = {isa = PBXFileReference; lastKnownFileType = sourcecode.swift; path = StoreCell.swift; sourceTree = "<group>"; };
		B3F0495F29946034009141DD /* ChatList.swift */ = {isa = PBXFileReference; lastKnownFileType = sourcecode.swift; path = ChatList.swift; sourceTree = "<group>"; };
		B3F04961299569FA009141DD /* Array+.swift */ = {isa = PBXFileReference; lastKnownFileType = sourcecode.swift; path = "Array+.swift"; sourceTree = "<group>"; };
		B3F049632999C217009141DD /* ChatCellViewModel.swift */ = {isa = PBXFileReference; lastKnownFileType = sourcecode.swift; path = ChatCellViewModel.swift; sourceTree = "<group>"; };
		B3FD0D15297F676900529732 /* LoadingView.swift */ = {isa = PBXFileReference; lastKnownFileType = sourcecode.swift; path = LoadingView.swift; sourceTree = "<group>"; };
		B3FD0D372980C94100529732 /* MainView.swift */ = {isa = PBXFileReference; lastKnownFileType = sourcecode.swift; path = MainView.swift; sourceTree = "<group>"; };
		B3FD0D3F2980CBFD00529732 /* GmarketSansMedium.otf */ = {isa = PBXFileReference; lastKnownFileType = file; path = GmarketSansMedium.otf; sourceTree = "<group>"; };
		B3FD0D402980CBFD00529732 /* GmarketSansBold.otf */ = {isa = PBXFileReference; lastKnownFileType = file; path = GmarketSansBold.otf; sourceTree = "<group>"; };
		B3FD0D412980CBFD00529732 /* GmarketSansLight.otf */ = {isa = PBXFileReference; lastKnownFileType = file; path = GmarketSansLight.otf; sourceTree = "<group>"; };
		B3FD0D4A29812B6600529732 /* UserCell.swift */ = {isa = PBXFileReference; lastKnownFileType = sourcecode.swift; path = UserCell.swift; sourceTree = "<group>"; };
		B3FD0D512981742100529732 /* Date+.swift */ = {isa = PBXFileReference; lastKnownFileType = sourcecode.swift; path = "Date+.swift"; sourceTree = "<group>"; };
/* End PBXFileReference section */

/* Begin PBXFrameworksBuildPhase section */
		B35001A32977529000B691D7 /* Frameworks */ = {
			isa = PBXFrameworksBuildPhase;
			buildActionMask = 2147483647;
			files = (
				B363AA532979F9AE00614337 /* BottomSheet in Frameworks */,
				B3D0A1582983AEE50004FC97 /* FirebaseFirestore in Frameworks */,
				B3D0A1562983AEE50004FC97 /* FirebaseAuth in Frameworks */,
				B3FD0D502981403900529732 /* Kingfisher in Frameworks */,
				B39922F629A3A30D00202BC0 /* Introspect in Frameworks */,
				B3D0A15C2983AEE50004FC97 /* FirebaseStorage in Frameworks */,
				B3D0A15E2983C0360004FC97 /* FirebaseFirestoreSwift in Frameworks */,
			);
			runOnlyForDeploymentPostprocessing = 0;
		};
/* End PBXFrameworksBuildPhase section */

/* Begin PBXGroup section */
		B34835F329913AEA001E9B4C /* Chats */ = {
			isa = PBXGroup;
			children = (
				B34835F429913B0A001E9B4C /* ChatView.swift */,
				B34835F629913D4B001E9B4C /* ChatCell.swift */,
				B3A33C4E2991EF7E002EF5A9 /* ConversationView.swift */,
				B3A33C542992E25F002EF5A9 /* MessageView.swift */,
				B3F0495F29946034009141DD /* ChatList.swift */,
			);
			path = Chats;
			sourceTree = "<group>";
		};
		B34835FA29915B41001E9B4C /* Chat */ = {
			isa = PBXGroup;
			children = (
				B34835FB29915B4A001E9B4C /* ChatViewModel.swift */,
				B3A33C502992AD93002EF5A9 /* ConversationViewModel.swift */,
				B3A33C562992E34E002EF5A9 /* MessageViewModel.swift */,
				B3F049632999C217009141DD /* ChatCellViewModel.swift */,
			);
			path = Chat;
			sourceTree = "<group>";
		};
		B34835FD2991677B001E9B4C /* Detail */ = {
			isa = PBXGroup;
			children = (
				B3D0A183298829A40004FC97 /* DetailView.swift */,
				B34835FE29916792001E9B4C /* SendMessageView.swift */,
			);
			path = Detail;
			sourceTree = "<group>";
		};
		B348360029916A0D001E9B4C /* Detail */ = {
			isa = PBXGroup;
			children = (
				B348360129916A1C001E9B4C /* SendMessageViewModel.swift */,
				B3A33C482991C1FD002EF5A9 /* DetailViewModel.swift */,
			);
			path = Detail;
			sourceTree = "<group>";
		};
		B350019D2977529000B691D7 = {
			isa = PBXGroup;
			children = (
				B35001A82977529000B691D7 /* CloudTalk */,
				B35001A72977529000B691D7 /* Products */,
				B35002272978C6F600B691D7 /* Frameworks */,
			);
			sourceTree = "<group>";
		};
		B35001A72977529000B691D7 /* Products */ = {
			isa = PBXGroup;
			children = (
				B35001A62977529000B691D7 /* CloudTalk.app */,
			);
			name = Products;
			sourceTree = "<group>";
		};
		B35001A82977529000B691D7 /* CloudTalk */ = {
			isa = PBXGroup;
			children = (
				B35001D229776E2B00B691D7 /* Info.plist */,
				B35001B7297755BE00B691D7 /* GoogleService-Info.plist */,
				B35001EA2977B67F00B691D7 /* CloudTalk.entitlements */,
				B35002242978C52400B691D7 /* Models */,
				B35001E72977B28400B691D7 /* Extensions */,
				B35001E12977836F00B691D7 /* ViewModel */,
				B35001D42977710A00B691D7 /* Fonts */,
				B35001C629775EF400B691D7 /* View */,
				B35001C8297765A900B691D7 /* Utils */,
				B35001A92977529000B691D7 /* CloudTalkApp.swift */,
				B35001AB2977529000B691D7 /* ContentView.swift */,
				B35001AD2977529100B691D7 /* Assets.xcassets */,
				B35001AF2977529100B691D7 /* Preview Content */,
			);
			path = CloudTalk;
			sourceTree = "<group>";
		};
		B35001AF2977529100B691D7 /* Preview Content */ = {
			isa = PBXGroup;
			children = (
				B35001B02977529100B691D7 /* Preview Assets.xcassets */,
			);
			path = "Preview Content";
			sourceTree = "<group>";
		};
		B35001C629775EF400B691D7 /* View */ = {
			isa = PBXGroup;
			children = (
				B39922D3299B81AC00202BC0 /* Likes */,
				B34835FD2991677B001E9B4C /* Detail */,
				B34835F329913AEA001E9B4C /* Chats */,
				B3D0A1B4298A785E0004FC97 /* Posts */,
				B3D0A143298375D50004FC97 /* Settings */,
				B3FD0D362980C92E00529732 /* Main */,
				B3FD0D14297F63E500529732 /* Common */,
				B35001DC2977757500B691D7 /* Authentication */,
				B35001C729775F0100B691D7 /* Home */,
			);
			path = View;
			sourceTree = "<group>";
		};
		B35001C729775F0100B691D7 /* Home */ = {
			isa = PBXGroup;
			children = (
				B35001C4297759F200B691D7 /* MainTabView.swift */,
				B35001C22977577E00B691D7 /* SplashView.swift */,
			);
			path = Home;
			sourceTree = "<group>";
		};
		B35001C8297765A900B691D7 /* Utils */ = {
			isa = PBXGroup;
			children = (
				B3D0A1AD298960370004FC97 /* CustomNavBar */,
				B35001E82977B2A100B691D7 /* ColorManager.swift */,
				B3D0A16529881BFF0004FC97 /* WillDisappearHandler.swift */,
				B3D0A167298821520004FC97 /* WillAppearHandler.swift */,
				B35002222978C3A800B691D7 /* Constants.swift */,
				B350022A2978D1D100B691D7 /* MainButtonStyle.swift */,
				B363AA06297913C200614337 /* ImagePicker.swift */,
				B363AA56297A02F100614337 /* HalfSheetHelper.swift */,
				B363AA78297EC1B300614337 /* ImageUploader.swift */,
				B3A33C4C2991DBEA002EF5A9 /* NavigationUtil.swift */,
				B3A33C5E299412A0002EF5A9 /* ResignKeyboard.swift */,
			);
			path = Utils;
			sourceTree = "<group>";
		};
		B35001D42977710A00B691D7 /* Fonts */ = {
			isa = PBXGroup;
			children = (
				B3FD0D402980CBFD00529732 /* GmarketSansBold.otf */,
				B3FD0D412980CBFD00529732 /* GmarketSansLight.otf */,
				B3FD0D3F2980CBFD00529732 /* GmarketSansMedium.otf */,
				B35001D72977712A00B691D7 /* CookieRun Black.otf */,
				B35001D62977712900B691D7 /* CookieRun Bold.otf */,
				B35001D52977712900B691D7 /* CookieRun Regular.otf */,
			);
			path = Fonts;
			sourceTree = "<group>";
		};
		B35001DC2977757500B691D7 /* Authentication */ = {
			isa = PBXGroup;
			children = (
				B35001DD29777EFB00B691D7 /* LoginView.swift */,
				B363AA5B297A3BA300614337 /* PhoneAuth */,
				B363AA5A297A3B7A00614337 /* Registration */,
			);
			path = Authentication;
			sourceTree = "<group>";
		};
		B35001E12977836F00B691D7 /* ViewModel */ = {
			isa = PBXGroup;
			children = (
				B3EEEB4129A4E24F0065AA39 /* Settings */,
				B39922E3299DB77100202BC0 /* Report */,
				B39922DC299C715500202BC0 /* Likes */,
				B348360029916A0D001E9B4C /* Detail */,
				B34835FA29915B41001E9B4C /* Chat */,
				B3D0A1B7298A81980004FC97 /* Post */,
				B3D0A14829838D1E0004FC97 /* Main */,
				B35001E62977AC3100B691D7 /* Authentication */,
			);
			path = ViewModel;
			sourceTree = "<group>";
		};
		B35001E62977AC3100B691D7 /* Authentication */ = {
			isa = PBXGroup;
			children = (
				B35001E4297783B100B691D7 /* AuthViewModel.swift */,
				B363AA58297A1DEF00614337 /* RegistrationViewModel.swift */,
			);
			path = Authentication;
			sourceTree = "<group>";
		};
		B35001E72977B28400B691D7 /* Extensions */ = {
			isa = PBXGroup;
			children = (
				B363AA54297A021C00614337 /* View+.swift */,
				B3F04961299569FA009141DD /* Array+.swift */,
				B35001D0297769F700B691D7 /* Font+.swift */,
				B3FD0D512981742100529732 /* Date+.swift */,
				B3A33C4A2991CB8D002EF5A9 /* RootPresentationMode+.swift */,
			);
			path = Extensions;
			sourceTree = "<group>";
		};
		B35002242978C52400B691D7 /* Models */ = {
			isa = PBXGroup;
			children = (
				B35002252978C53200B691D7 /* User.swift */,
				B3D0A1BA298A83A80004FC97 /* Post.swift */,
				B39B2D70298D06D70069DA2E /* Comment.swift */,
				B34835F829913E25001E9B4C /* Chat.swift */,
				B348360529917BB8001E9B4C /* Message.swift */,
				B39922D6299C61A900202BC0 /* LikeCard.swift */,
				B39922E6299DB7E600202BC0 /* Report.swift */,
			);
			path = Models;
			sourceTree = "<group>";
		};
		B35002272978C6F600B691D7 /* Frameworks */ = {
			isa = PBXGroup;
			children = (
			);
			name = Frameworks;
			sourceTree = "<group>";
		};
		B363AA5A297A3B7A00614337 /* Registration */ = {
			isa = PBXGroup;
			children = (
				B363AA6D297E52DF00614337 /* BottomSheetView */,
				B363AA042979120F00614337 /* RegistrationView.swift */,
				B363AA6B297E4ECE00614337 /* ProfileInfoView.swift */,
			);
			path = Registration;
			sourceTree = "<group>";
		};
		B363AA5B297A3BA300614337 /* PhoneAuth */ = {
			isa = PBXGroup;
			children = (
				B35002202978C21500B691D7 /* PhoneAuthView.swift */,
				B363AA022978EF6E00614337 /* VerificationView.swift */,
			);
			path = PhoneAuth;
			sourceTree = "<group>";
		};
		B363AA6D297E52DF00614337 /* BottomSheetView */ = {
			isa = PBXGroup;
			children = (
				B363AA6E297E52F500614337 /* NicknameSheetView.swift */,
				B363AA70297E8F7B00614337 /* GenderSheetView.swift */,
				B363AA72297E924700614337 /* AgeSheetView.swift */,
				B363AA74297E97E500614337 /* RegionSheetView.swift */,
				B363AA76297E9AC400614337 /* IntroductionSheetView.swift */,
			);
			path = BottomSheetView;
			sourceTree = "<group>";
		};
		B39922D3299B81AC00202BC0 /* Likes */ = {
			isa = PBXGroup;
			children = (
				B39922D4299B81BD00202BC0 /* LikeView.swift */,
				B39922DA299C6EA500202BC0 /* LikeCardView.swift */,
			);
			path = Likes;
			sourceTree = "<group>";
		};
		B39922DC299C715500202BC0 /* Likes */ = {
			isa = PBXGroup;
			children = (
				B39922DD299C7F7400202BC0 /* LikeViewModel.swift */,
			);
			path = Likes;
			sourceTree = "<group>";
		};
		B39922E3299DB77100202BC0 /* Report */ = {
			isa = PBXGroup;
			children = (
				B39922E4299DB78400202BC0 /* ReportViewModel.swift */,
			);
			path = Report;
			sourceTree = "<group>";
		};
		B39922E8299DCDA800202BC0 /* Modal */ = {
			isa = PBXGroup;
			children = (
				B39922DF299DA37300202BC0 /* SelectableModal.swift */,
				B39922E9299DCDEB00202BC0 /* ConfirmationModal.swift */,
				B39922F029A3760F00202BC0 /* NicknameInputModal.swift */,
				B39922F729A47A2300202BC0 /* WheelPickerModal.swift */,
				B3EEEB3D29A4CA380065AA39 /* IntroductionModal.swift */,
			);
			path = Modal;
			sourceTree = "<group>";
		};
		B3D0A143298375D50004FC97 /* Settings */ = {
			isa = PBXGroup;
			children = (
				B3EEEB4729A5E13C0065AA39 /* Store */,
				B3EEEB4629A5E12D0065AA39 /* BlackList */,
				B39922ED29A35E8400202BC0 /* ProfileEditView.swift */,
				B3D0A144298375EF0004FC97 /* SettingsView.swift */,
			);
			path = Settings;
			sourceTree = "<group>";
		};
		B3D0A14829838D1E0004FC97 /* Main */ = {
			isa = PBXGroup;
			children = (
				B3D0A14929838D2E0004FC97 /* MainViewModel.swift */,
			);
			path = Main;
			sourceTree = "<group>";
		};
		B3D0A1AD298960370004FC97 /* CustomNavBar */ = {
			isa = PBXGroup;
			children = (
				B3D0A1AE298964950004FC97 /* CustomNavBarView.swift */,
				B3D0A1B0298964C50004FC97 /* CustomNavItems.swift */,
				B3D0A1B2298964E80004FC97 /* CustomNavBarPreferenceKeys.swift */,
			);
			path = CustomNavBar;
			sourceTree = "<group>";
		};
		B3D0A1B4298A785E0004FC97 /* Posts */ = {
			isa = PBXGroup;
			children = (
				B3D0A1B5298A786F0004FC97 /* PostView.swift */,
				B3D0A1BC298A85890004FC97 /* WriteView.swift */,
				B3D0A1C0298B07020004FC97 /* PostCell.swift */,
				B3D0A1C8298CF8710004FC97 /* PostDetailView.swift */,
				B39B2D6E298D06BF0069DA2E /* CommentView.swift */,
			);
			path = Posts;
			sourceTree = "<group>";
		};
		B3D0A1B7298A81980004FC97 /* Post */ = {
			isa = PBXGroup;
			children = (
				B3D0A1BE298AD6EF0004FC97 /* WriteViewModel.swift */,
				B3D0A1C4298C0AA40004FC97 /* PostViewModel.swift */,
				B3D0A1C6298C0B120004FC97 /* PostCellViewModel.swift */,
				B39922D1299B7B8000202BC0 /* CommentViewModel.swift */,
			);
			path = Post;
			sourceTree = "<group>";
		};
		B3EEEB4129A4E24F0065AA39 /* Settings */ = {
			isa = PBXGroup;
			children = (
				B3EEEB4229A4EA080065AA39 /* BlackListViewModel.swift */,
			);
			path = Settings;
			sourceTree = "<group>";
		};
		B3EEEB4629A5E12D0065AA39 /* BlackList */ = {
			isa = PBXGroup;
			children = (
				B3EEEB3F29A4E1F40065AA39 /* BlackListView.swift */,
				B3EEEB4429A4F9FB0065AA39 /* BlackCell.swift */,
			);
			path = BlackList;
			sourceTree = "<group>";
		};
		B3EEEB4729A5E13C0065AA39 /* Store */ = {
			isa = PBXGroup;
			children = (
				B3EEEB4829A5E5EB0065AA39 /* StoreView.swift */,
				B3EEEB4A29A5EA660065AA39 /* StoreCell.swift */,
			);
			path = Store;
			sourceTree = "<group>";
		};
		B3FD0D14297F63E500529732 /* Common */ = {
			isa = PBXGroup;
			children = (
				B39922E8299DCDA800202BC0 /* Modal */,
				B3A33C522992BD51002EF5A9 /* ProfileImageView.swift */,
				B39922E1299DB57B00202BC0 /* ReportView.swift */,
				B3FD0D15297F676900529732 /* LoadingView.swift */,
				B3D0A16329879BA60004FC97 /* RangedSliderView.swift */,
				B3D0A13F2982B7DD0004FC97 /* FilterView.swift */,
				B3A33C5A2993F94C002EF5A9 /* MultilineTextField.swift */,
				B39922EB299DE77700202BC0 /* BlackView.swift */,
			);
			path = Common;
			sourceTree = "<group>";
		};
		B3FD0D362980C92E00529732 /* Main */ = {
			isa = PBXGroup;
			children = (
				B3FD0D372980C94100529732 /* MainView.swift */,
				B3FD0D4A29812B6600529732 /* UserCell.swift */,
			);
			path = Main;
			sourceTree = "<group>";
		};
/* End PBXGroup section */

/* Begin PBXNativeTarget section */
		B35001A52977529000B691D7 /* CloudTalk */ = {
			isa = PBXNativeTarget;
			buildConfigurationList = B35001B42977529100B691D7 /* Build configuration list for PBXNativeTarget "CloudTalk" */;
			buildPhases = (
				B35001A22977529000B691D7 /* Sources */,
				B35001A32977529000B691D7 /* Frameworks */,
				B35001A42977529000B691D7 /* Resources */,
			);
			buildRules = (
			);
			dependencies = (
			);
			name = CloudTalk;
			packageProductDependencies = (
				B363AA522979F9AE00614337 /* BottomSheet */,
				B3FD0D4F2981403900529732 /* Kingfisher */,
				B3D0A1552983AEE50004FC97 /* FirebaseAuth */,
				B3D0A1572983AEE50004FC97 /* FirebaseFirestore */,
				B3D0A15B2983AEE50004FC97 /* FirebaseStorage */,
				B3D0A15D2983C0360004FC97 /* FirebaseFirestoreSwift */,
				B39922F529A3A30D00202BC0 /* Introspect */,
			);
			productName = CloudTalk;
			productReference = B35001A62977529000B691D7 /* CloudTalk.app */;
			productType = "com.apple.product-type.application";
		};
/* End PBXNativeTarget section */

/* Begin PBXProject section */
		B350019E2977529000B691D7 /* Project object */ = {
			isa = PBXProject;
			attributes = {
				BuildIndependentTargetsInParallel = 1;
				LastSwiftUpdateCheck = 1420;
				LastUpgradeCheck = 1420;
				TargetAttributes = {
					B35001A52977529000B691D7 = {
						CreatedOnToolsVersion = 14.2;
					};
				};
			};
			buildConfigurationList = B35001A12977529000B691D7 /* Build configuration list for PBXProject "CloudTalk" */;
			compatibilityVersion = "Xcode 14.0";
			developmentRegion = en;
			hasScannedForEncodings = 0;
			knownRegions = (
				en,
				Base,
			);
			mainGroup = B350019D2977529000B691D7;
			packageReferences = (
				B363AA512979F9AE00614337 /* XCRemoteSwiftPackageReference "BottomSheet" */,
				B3FD0D4E2981403800529732 /* XCRemoteSwiftPackageReference "Kingfisher" */,
				B3D0A1542983AEE50004FC97 /* XCRemoteSwiftPackageReference "firebase-ios-sdk" */,
				B39922F429A3A30D00202BC0 /* XCRemoteSwiftPackageReference "SwiftUI-Introspect" */,
			);
			productRefGroup = B35001A72977529000B691D7 /* Products */;
			projectDirPath = "";
			projectRoot = "";
			targets = (
				B35001A52977529000B691D7 /* CloudTalk */,
			);
		};
/* End PBXProject section */

/* Begin PBXResourcesBuildPhase section */
		B35001A42977529000B691D7 /* Resources */ = {
			isa = PBXResourcesBuildPhase;
			buildActionMask = 2147483647;
			files = (
				B35001B8297755BE00B691D7 /* GoogleService-Info.plist in Resources */,
				B35001D82977712A00B691D7 /* CookieRun Regular.otf in Resources */,
				B35001DA2977712A00B691D7 /* CookieRun Black.otf in Resources */,
				B35001B12977529100B691D7 /* Preview Assets.xcassets in Resources */,
				B3FD0D432980CBFD00529732 /* GmarketSansBold.otf in Resources */,
				B35001AE2977529100B691D7 /* Assets.xcassets in Resources */,
				B3FD0D422980CBFD00529732 /* GmarketSansMedium.otf in Resources */,
				B3FD0D442980CBFD00529732 /* GmarketSansLight.otf in Resources */,
				B35001D92977712A00B691D7 /* CookieRun Bold.otf in Resources */,
			);
			runOnlyForDeploymentPostprocessing = 0;
		};
/* End PBXResourcesBuildPhase section */

/* Begin PBXSourcesBuildPhase section */
		B35001A22977529000B691D7 /* Sources */ = {
			isa = PBXSourcesBuildPhase;
			buildActionMask = 2147483647;
			files = (
				B35001DE29777EFC00B691D7 /* LoginView.swift in Sources */,
				B3D0A184298829A40004FC97 /* DetailView.swift in Sources */,
				B3EEEB4929A5E5EB0065AA39 /* StoreView.swift in Sources */,
				B3EEEB4329A4EA080065AA39 /* BlackListViewModel.swift in Sources */,
				B3D0A1BF298AD6EF0004FC97 /* WriteViewModel.swift in Sources */,
				B3A33C4B2991CB8D002EF5A9 /* RootPresentationMode+.swift in Sources */,
				B39922E0299DA37300202BC0 /* SelectableModal.swift in Sources */,
				B39922E7299DB7E600202BC0 /* Report.swift in Sources */,
				B363AA032978EF6E00614337 /* VerificationView.swift in Sources */,
				B363AA79297EC1B400614337 /* ImageUploader.swift in Sources */,
				B363AA71297E8F7B00614337 /* GenderSheetView.swift in Sources */,
				B3F049642999C217009141DD /* ChatCellViewModel.swift in Sources */,
				B39922D5299B81BD00202BC0 /* LikeView.swift in Sources */,
				B3A33C512992AD93002EF5A9 /* ConversationViewModel.swift in Sources */,
				B35001AC2977529000B691D7 /* ContentView.swift in Sources */,
				B39922DB299C6EA500202BC0 /* LikeCardView.swift in Sources */,
				B363AA59297A1DEF00614337 /* RegistrationViewModel.swift in Sources */,
				B3A33C5F299412A0002EF5A9 /* ResignKeyboard.swift in Sources */,
				B39922EA299DCDEB00202BC0 /* ConfirmationModal.swift in Sources */,
				B3EEEB4B29A5EA660065AA39 /* StoreCell.swift in Sources */,
				B348360229916A1C001E9B4C /* SendMessageViewModel.swift in Sources */,
				B363AA6C297E4ECE00614337 /* ProfileInfoView.swift in Sources */,
				B3A33C552992E25F002EF5A9 /* MessageView.swift in Sources */,
				B363AA75297E97E500614337 /* RegionSheetView.swift in Sources */,
				B34835FC29915B4A001E9B4C /* ChatViewModel.swift in Sources */,
				B3D0A1402982B7DD0004FC97 /* FilterView.swift in Sources */,
				B3F0496029946034009141DD /* ChatList.swift in Sources */,
				B3A33C532992BD51002EF5A9 /* ProfileImageView.swift in Sources */,
				B348360629917BB8001E9B4C /* Message.swift in Sources */,
				B363AA73297E924700614337 /* AgeSheetView.swift in Sources */,
				B363AA052979120F00614337 /* RegistrationView.swift in Sources */,
				B39922F829A47A2300202BC0 /* WheelPickerModal.swift in Sources */,
				B39922F129A3760F00202BC0 /* NicknameInputModal.swift in Sources */,
				B39922D7299C61A900202BC0 /* LikeCard.swift in Sources */,
				B3A33C4D2991DBEA002EF5A9 /* NavigationUtil.swift in Sources */,
				B3A33C5B2993F94C002EF5A9 /* MultilineTextField.swift in Sources */,
				B34835F929913E25001E9B4C /* Chat.swift in Sources */,
				B39922DE299C7F7400202BC0 /* LikeViewModel.swift in Sources */,
				B3F04962299569FA009141DD /* Array+.swift in Sources */,
				B39922EC299DE77700202BC0 /* BlackView.swift in Sources */,
				B350022B2978D1D100B691D7 /* MainButtonStyle.swift in Sources */,
				B34835FF29916792001E9B4C /* SendMessageView.swift in Sources */,
				B3D0A1C1298B07020004FC97 /* PostCell.swift in Sources */,
				B3D0A1C5298C0AA40004FC97 /* PostViewModel.swift in Sources */,
				B3FD0D16297F676900529732 /* LoadingView.swift in Sources */,
				B363AA55297A021C00614337 /* View+.swift in Sources */,
				B35001D1297769F700B691D7 /* Font+.swift in Sources */,
				B35001E5297783B100B691D7 /* AuthViewModel.swift in Sources */,
				B39922E5299DB78400202BC0 /* ReportViewModel.swift in Sources */,
				B3EEEB4029A4E1F40065AA39 /* BlackListView.swift in Sources */,
				B34835F729913D4B001E9B4C /* ChatCell.swift in Sources */,
				B3D0A16629881BFF0004FC97 /* WillDisappearHandler.swift in Sources */,
				B3D0A1B6298A786F0004FC97 /* PostView.swift in Sources */,
				B3FD0D4B29812B6600529732 /* UserCell.swift in Sources */,
				B35001AA2977529000B691D7 /* CloudTalkApp.swift in Sources */,
				B39B2D71298D06D70069DA2E /* Comment.swift in Sources */,
				B3A33C492991C1FD002EF5A9 /* DetailViewModel.swift in Sources */,
				B35002232978C3A800B691D7 /* Constants.swift in Sources */,
				B35002212978C21500B691D7 /* PhoneAuthView.swift in Sources */,
				B35001C32977577E00B691D7 /* SplashView.swift in Sources */,
				B3D0A16429879BA60004FC97 /* RangedSliderView.swift in Sources */,
				B39922EE29A35E8500202BC0 /* ProfileEditView.swift in Sources */,
				B3FD0D382980C94100529732 /* MainView.swift in Sources */,
				B3EEEB4529A4F9FB0065AA39 /* BlackCell.swift in Sources */,
				B3A33C4F2991EF7E002EF5A9 /* ConversationView.swift in Sources */,
				B3D0A1AF298964950004FC97 /* CustomNavBarView.swift in Sources */,
				B3D0A1C7298C0B120004FC97 /* PostCellViewModel.swift in Sources */,
				B35001C5297759F200B691D7 /* MainTabView.swift in Sources */,
				B3D0A1B1298964C50004FC97 /* CustomNavItems.swift in Sources */,
				B363AA07297913C200614337 /* ImagePicker.swift in Sources */,
				B3EEEB3E29A4CA380065AA39 /* IntroductionModal.swift in Sources */,
				B363AA6F297E52F500614337 /* NicknameSheetView.swift in Sources */,
				B3D0A145298375EF0004FC97 /* SettingsView.swift in Sources */,
				B363AA77297E9AC400614337 /* IntroductionSheetView.swift in Sources */,
				B3D0A1C9298CF8710004FC97 /* PostDetailView.swift in Sources */,
				B3D0A1BB298A83A80004FC97 /* Post.swift in Sources */,
				B35001E92977B2A100B691D7 /* ColorManager.swift in Sources */,
				B3D0A168298821520004FC97 /* WillAppearHandler.swift in Sources */,
				B34835F529913B0A001E9B4C /* ChatView.swift in Sources */,
				B3D0A1BD298A85890004FC97 /* WriteView.swift in Sources */,
				B39B2D6F298D06BF0069DA2E /* CommentView.swift in Sources */,
				B3FD0D522981742100529732 /* Date+.swift in Sources */,
				B363AA57297A02F100614337 /* HalfSheetHelper.swift in Sources */,
				B39922E2299DB57B00202BC0 /* ReportView.swift in Sources */,
				B35002262978C53200B691D7 /* User.swift in Sources */,
				B3A33C572992E34E002EF5A9 /* MessageViewModel.swift in Sources */,
				B3D0A14A29838D2E0004FC97 /* MainViewModel.swift in Sources */,
				B39922D2299B7B8000202BC0 /* CommentViewModel.swift in Sources */,
				B3D0A1B3298964E80004FC97 /* CustomNavBarPreferenceKeys.swift in Sources */,
			);
			runOnlyForDeploymentPostprocessing = 0;
		};
/* End PBXSourcesBuildPhase section */

/* Begin XCBuildConfiguration section */
		B35001B22977529100B691D7 /* Debug */ = {
			isa = XCBuildConfiguration;
			buildSettings = {
				ALWAYS_SEARCH_USER_PATHS = NO;
				CLANG_ANALYZER_NONNULL = YES;
				CLANG_ANALYZER_NUMBER_OBJECT_CONVERSION = YES_AGGRESSIVE;
				CLANG_CXX_LANGUAGE_STANDARD = "gnu++20";
				CLANG_ENABLE_MODULES = YES;
				CLANG_ENABLE_OBJC_ARC = YES;
				CLANG_ENABLE_OBJC_WEAK = YES;
				CLANG_WARN_BLOCK_CAPTURE_AUTORELEASING = YES;
				CLANG_WARN_BOOL_CONVERSION = YES;
				CLANG_WARN_COMMA = YES;
				CLANG_WARN_CONSTANT_CONVERSION = YES;
				CLANG_WARN_DEPRECATED_OBJC_IMPLEMENTATIONS = YES;
				CLANG_WARN_DIRECT_OBJC_ISA_USAGE = YES_ERROR;
				CLANG_WARN_DOCUMENTATION_COMMENTS = YES;
				CLANG_WARN_EMPTY_BODY = YES;
				CLANG_WARN_ENUM_CONVERSION = YES;
				CLANG_WARN_INFINITE_RECURSION = YES;
				CLANG_WARN_INT_CONVERSION = YES;
				CLANG_WARN_NON_LITERAL_NULL_CONVERSION = YES;
				CLANG_WARN_OBJC_IMPLICIT_RETAIN_SELF = YES;
				CLANG_WARN_OBJC_LITERAL_CONVERSION = YES;
				CLANG_WARN_OBJC_ROOT_CLASS = YES_ERROR;
				CLANG_WARN_QUOTED_INCLUDE_IN_FRAMEWORK_HEADER = YES;
				CLANG_WARN_RANGE_LOOP_ANALYSIS = YES;
				CLANG_WARN_STRICT_PROTOTYPES = YES;
				CLANG_WARN_SUSPICIOUS_MOVE = YES;
				CLANG_WARN_UNGUARDED_AVAILABILITY = YES_AGGRESSIVE;
				CLANG_WARN_UNREACHABLE_CODE = YES;
				CLANG_WARN__DUPLICATE_METHOD_MATCH = YES;
				COPY_PHASE_STRIP = NO;
				DEBUG_INFORMATION_FORMAT = dwarf;
				ENABLE_STRICT_OBJC_MSGSEND = YES;
				ENABLE_TESTABILITY = YES;
				GCC_C_LANGUAGE_STANDARD = gnu11;
				GCC_DYNAMIC_NO_PIC = NO;
				GCC_NO_COMMON_BLOCKS = YES;
				GCC_OPTIMIZATION_LEVEL = 0;
				GCC_PREPROCESSOR_DEFINITIONS = (
					"DEBUG=1",
					"$(inherited)",
				);
				GCC_WARN_64_TO_32_BIT_CONVERSION = YES;
				GCC_WARN_ABOUT_RETURN_TYPE = YES_ERROR;
				GCC_WARN_UNDECLARED_SELECTOR = YES;
				GCC_WARN_UNINITIALIZED_AUTOS = YES_AGGRESSIVE;
				GCC_WARN_UNUSED_FUNCTION = YES;
				GCC_WARN_UNUSED_VARIABLE = YES;
				IPHONEOS_DEPLOYMENT_TARGET = 15.0;
				MTL_ENABLE_DEBUG_INFO = INCLUDE_SOURCE;
				MTL_FAST_MATH = YES;
				ONLY_ACTIVE_ARCH = YES;
				SDKROOT = iphoneos;
				SWIFT_ACTIVE_COMPILATION_CONDITIONS = DEBUG;
				SWIFT_OPTIMIZATION_LEVEL = "-Onone";
			};
			name = Debug;
		};
		B35001B32977529100B691D7 /* Release */ = {
			isa = XCBuildConfiguration;
			buildSettings = {
				ALWAYS_SEARCH_USER_PATHS = NO;
				CLANG_ANALYZER_NONNULL = YES;
				CLANG_ANALYZER_NUMBER_OBJECT_CONVERSION = YES_AGGRESSIVE;
				CLANG_CXX_LANGUAGE_STANDARD = "gnu++20";
				CLANG_ENABLE_MODULES = YES;
				CLANG_ENABLE_OBJC_ARC = YES;
				CLANG_ENABLE_OBJC_WEAK = YES;
				CLANG_WARN_BLOCK_CAPTURE_AUTORELEASING = YES;
				CLANG_WARN_BOOL_CONVERSION = YES;
				CLANG_WARN_COMMA = YES;
				CLANG_WARN_CONSTANT_CONVERSION = YES;
				CLANG_WARN_DEPRECATED_OBJC_IMPLEMENTATIONS = YES;
				CLANG_WARN_DIRECT_OBJC_ISA_USAGE = YES_ERROR;
				CLANG_WARN_DOCUMENTATION_COMMENTS = YES;
				CLANG_WARN_EMPTY_BODY = YES;
				CLANG_WARN_ENUM_CONVERSION = YES;
				CLANG_WARN_INFINITE_RECURSION = YES;
				CLANG_WARN_INT_CONVERSION = YES;
				CLANG_WARN_NON_LITERAL_NULL_CONVERSION = YES;
				CLANG_WARN_OBJC_IMPLICIT_RETAIN_SELF = YES;
				CLANG_WARN_OBJC_LITERAL_CONVERSION = YES;
				CLANG_WARN_OBJC_ROOT_CLASS = YES_ERROR;
				CLANG_WARN_QUOTED_INCLUDE_IN_FRAMEWORK_HEADER = YES;
				CLANG_WARN_RANGE_LOOP_ANALYSIS = YES;
				CLANG_WARN_STRICT_PROTOTYPES = YES;
				CLANG_WARN_SUSPICIOUS_MOVE = YES;
				CLANG_WARN_UNGUARDED_AVAILABILITY = YES_AGGRESSIVE;
				CLANG_WARN_UNREACHABLE_CODE = YES;
				CLANG_WARN__DUPLICATE_METHOD_MATCH = YES;
				COPY_PHASE_STRIP = NO;
				DEBUG_INFORMATION_FORMAT = "dwarf-with-dsym";
				ENABLE_NS_ASSERTIONS = NO;
				ENABLE_STRICT_OBJC_MSGSEND = YES;
				GCC_C_LANGUAGE_STANDARD = gnu11;
				GCC_NO_COMMON_BLOCKS = YES;
				GCC_WARN_64_TO_32_BIT_CONVERSION = YES;
				GCC_WARN_ABOUT_RETURN_TYPE = YES_ERROR;
				GCC_WARN_UNDECLARED_SELECTOR = YES;
				GCC_WARN_UNINITIALIZED_AUTOS = YES_AGGRESSIVE;
				GCC_WARN_UNUSED_FUNCTION = YES;
				GCC_WARN_UNUSED_VARIABLE = YES;
				IPHONEOS_DEPLOYMENT_TARGET = 15.0;
				MTL_ENABLE_DEBUG_INFO = NO;
				MTL_FAST_MATH = YES;
				SDKROOT = iphoneos;
				SWIFT_COMPILATION_MODE = wholemodule;
				SWIFT_OPTIMIZATION_LEVEL = "-O";
				VALIDATE_PRODUCT = YES;
			};
			name = Release;
		};
		B35001B52977529100B691D7 /* Debug */ = {
			isa = XCBuildConfiguration;
			buildSettings = {
				ASSETCATALOG_COMPILER_APPICON_NAME = AppIcon;
				ASSETCATALOG_COMPILER_GLOBAL_ACCENT_COLOR_NAME = AccentColor;
				CODE_SIGN_ENTITLEMENTS = CloudTalk/CloudTalk.entitlements;
				CODE_SIGN_STYLE = Automatic;
				CURRENT_PROJECT_VERSION = 1;
				DEVELOPMENT_ASSET_PATHS = "\"CloudTalk/Preview Content\"";
				DEVELOPMENT_TEAM = KJZPA3T2S5;
				ENABLE_PREVIEWS = YES;
				GENERATE_INFOPLIST_FILE = YES;
				INFOPLIST_FILE = CloudTalk/Info.plist;
				INFOPLIST_KEY_UIApplicationSupportsIndirectInputEvents = YES;
				INFOPLIST_KEY_UILaunchScreen_Generation = YES;
				INFOPLIST_KEY_UISupportedInterfaceOrientations = UIInterfaceOrientationPortrait;
				INFOPLIST_KEY_UISupportedInterfaceOrientations_iPad = "UIInterfaceOrientationLandscapeLeft UIInterfaceOrientationLandscapeRight UIInterfaceOrientationPortrait UIInterfaceOrientationPortraitUpsideDown";
				INFOPLIST_KEY_UIUserInterfaceStyle = Light;
				IPHONEOS_DEPLOYMENT_TARGET = 15.0;
				LD_RUNPATH_SEARCH_PATHS = (
					"$(inherited)",
					"@executable_path/Frameworks",
				);
				MARKETING_VERSION = 1.0;
				PRODUCT_BUNDLE_IDENTIFIER = com.jerry.CloudTalk;
				PRODUCT_NAME = "$(TARGET_NAME)";
				SUPPORTED_PLATFORMS = "iphoneos iphonesimulator";
				SUPPORTS_MACCATALYST = NO;
				SUPPORTS_MAC_DESIGNED_FOR_IPHONE_IPAD = NO;
				SWIFT_EMIT_LOC_STRINGS = YES;
				SWIFT_VERSION = 5.0;
				TARGETED_DEVICE_FAMILY = 1;
			};
			name = Debug;
		};
		B35001B62977529100B691D7 /* Release */ = {
			isa = XCBuildConfiguration;
			buildSettings = {
				ASSETCATALOG_COMPILER_APPICON_NAME = AppIcon;
				ASSETCATALOG_COMPILER_GLOBAL_ACCENT_COLOR_NAME = AccentColor;
				CODE_SIGN_ENTITLEMENTS = CloudTalk/CloudTalk.entitlements;
				CODE_SIGN_STYLE = Automatic;
				CURRENT_PROJECT_VERSION = 1;
				DEVELOPMENT_ASSET_PATHS = "\"CloudTalk/Preview Content\"";
				DEVELOPMENT_TEAM = KJZPA3T2S5;
				ENABLE_PREVIEWS = YES;
				GENERATE_INFOPLIST_FILE = YES;
				INFOPLIST_FILE = CloudTalk/Info.plist;
				INFOPLIST_KEY_UIApplicationSupportsIndirectInputEvents = YES;
				INFOPLIST_KEY_UILaunchScreen_Generation = YES;
				INFOPLIST_KEY_UISupportedInterfaceOrientations = UIInterfaceOrientationPortrait;
				INFOPLIST_KEY_UISupportedInterfaceOrientations_iPad = "UIInterfaceOrientationLandscapeLeft UIInterfaceOrientationLandscapeRight UIInterfaceOrientationPortrait UIInterfaceOrientationPortraitUpsideDown";
				INFOPLIST_KEY_UIUserInterfaceStyle = Light;
				IPHONEOS_DEPLOYMENT_TARGET = 15.0;
				LD_RUNPATH_SEARCH_PATHS = (
					"$(inherited)",
					"@executable_path/Frameworks",
				);
				MARKETING_VERSION = 1.0;
				PRODUCT_BUNDLE_IDENTIFIER = com.jerry.CloudTalk;
				PRODUCT_NAME = "$(TARGET_NAME)";
				SUPPORTED_PLATFORMS = "iphoneos iphonesimulator";
				SUPPORTS_MACCATALYST = NO;
				SUPPORTS_MAC_DESIGNED_FOR_IPHONE_IPAD = NO;
				SWIFT_EMIT_LOC_STRINGS = YES;
				SWIFT_VERSION = 5.0;
				TARGETED_DEVICE_FAMILY = 1;
			};
			name = Release;
		};
/* End XCBuildConfiguration section */

/* Begin XCConfigurationList section */
		B35001A12977529000B691D7 /* Build configuration list for PBXProject "CloudTalk" */ = {
			isa = XCConfigurationList;
			buildConfigurations = (
				B35001B22977529100B691D7 /* Debug */,
				B35001B32977529100B691D7 /* Release */,
			);
			defaultConfigurationIsVisible = 0;
			defaultConfigurationName = Release;
		};
		B35001B42977529100B691D7 /* Build configuration list for PBXNativeTarget "CloudTalk" */ = {
			isa = XCConfigurationList;
			buildConfigurations = (
				B35001B52977529100B691D7 /* Debug */,
				B35001B62977529100B691D7 /* Release */,
			);
			defaultConfigurationIsVisible = 0;
			defaultConfigurationName = Release;
		};
/* End XCConfigurationList section */

/* Begin XCRemoteSwiftPackageReference section */
		B363AA512979F9AE00614337 /* XCRemoteSwiftPackageReference "BottomSheet" */ = {
			isa = XCRemoteSwiftPackageReference;
			repositoryURL = "https://github.com/Kaww/BottomSheet?ref=iosexample.com";
			requirement = {
				branch = main;
				kind = branch;
			};
		};
		B39922F429A3A30D00202BC0 /* XCRemoteSwiftPackageReference "SwiftUI-Introspect" */ = {
			isa = XCRemoteSwiftPackageReference;
			repositoryURL = "https://github.com/siteline/SwiftUI-Introspect.git";
			requirement = {
				kind = upToNextMajorVersion;
				minimumVersion = 0.2.3;
			};
		};
		B3D0A1542983AEE50004FC97 /* XCRemoteSwiftPackageReference "firebase-ios-sdk" */ = {
			isa = XCRemoteSwiftPackageReference;
			repositoryURL = "https://github.com/firebase/firebase-ios-sdk";
			requirement = {
				kind = upToNextMinorVersion;
				minimumVersion = 9.6.0;
			};
		};
		B3FD0D4E2981403800529732 /* XCRemoteSwiftPackageReference "Kingfisher" */ = {
			isa = XCRemoteSwiftPackageReference;
			repositoryURL = "https://github.com/onevcat/Kingfisher";
			requirement = {
				branch = master;
				kind = branch;
			};
		};
/* End XCRemoteSwiftPackageReference section */

/* Begin XCSwiftPackageProductDependency section */
		B363AA522979F9AE00614337 /* BottomSheet */ = {
			isa = XCSwiftPackageProductDependency;
			package = B363AA512979F9AE00614337 /* XCRemoteSwiftPackageReference "BottomSheet" */;
			productName = BottomSheet;
		};
		B39922F529A3A30D00202BC0 /* Introspect */ = {
			isa = XCSwiftPackageProductDependency;
			package = B39922F429A3A30D00202BC0 /* XCRemoteSwiftPackageReference "SwiftUI-Introspect" */;
			productName = Introspect;
		};
		B3D0A1552983AEE50004FC97 /* FirebaseAuth */ = {
			isa = XCSwiftPackageProductDependency;
			package = B3D0A1542983AEE50004FC97 /* XCRemoteSwiftPackageReference "firebase-ios-sdk" */;
			productName = FirebaseAuth;
		};
		B3D0A1572983AEE50004FC97 /* FirebaseFirestore */ = {
			isa = XCSwiftPackageProductDependency;
			package = B3D0A1542983AEE50004FC97 /* XCRemoteSwiftPackageReference "firebase-ios-sdk" */;
			productName = FirebaseFirestore;
		};
		B3D0A15B2983AEE50004FC97 /* FirebaseStorage */ = {
			isa = XCSwiftPackageProductDependency;
			package = B3D0A1542983AEE50004FC97 /* XCRemoteSwiftPackageReference "firebase-ios-sdk" */;
			productName = FirebaseStorage;
		};
		B3D0A15D2983C0360004FC97 /* FirebaseFirestoreSwift */ = {
			isa = XCSwiftPackageProductDependency;
			package = B3D0A1542983AEE50004FC97 /* XCRemoteSwiftPackageReference "firebase-ios-sdk" */;
			productName = FirebaseFirestoreSwift;
		};
		B3FD0D4F2981403900529732 /* Kingfisher */ = {
			isa = XCSwiftPackageProductDependency;
			package = B3FD0D4E2981403800529732 /* XCRemoteSwiftPackageReference "Kingfisher" */;
			productName = Kingfisher;
		};
/* End XCSwiftPackageProductDependency section */
	};
	rootObject = B350019E2977529000B691D7 /* Project object */;
}
